
Microsoft Visual Studio Solution File, Format Version 12.00
# Visual Studio Version 17
VisualStudioVersion = 17.1.32407.343
MinimumVisualStudioVersion = 10.0.40219.1
Project("{9A19103F-16F7-4668-BE54-9A1E7A4F7556}") = "PartOne", "PartOne\PartOne.csproj", "{466A181D-26EF-4917-8544-4E18B5441EEB}"
EndProject
Global
	GlobalSection(SolutionConfigurationPlatforms) = preSolution
		Debug|Any CPU = Debug|Any CPU
		Release|Any CPU = Release|Any CPU
	EndGlobalSection
	GlobalSection(ProjectConfigurationPlatforms) = postSolution
		{466A181D-26EF-4917-8544-4E18B5441EEB}.Debug|Any CPU.ActiveCfg = Debug|Any CPU
		{466A181D-26EF-4917-8544-4E18B5441EEB}.Debug|Any CPU.Build.0 = Debug|Any CPU
		{466A181D-26EF-4917-8544-4E18B5441EEB}.Release|Any CPU.ActiveCfg = Release|Any CPU
		{466A181D-26EF-4917-8544-4E18B5441EEB}.Release|Any CPU.Build.0 = Release|Any CPU
	EndGlobalSection
	GlobalSection(SolutionProperties) = preSolution
		HideSolutionNode = FALSE
	EndGlobalSection
	GlobalSection(ExtensibilityGlobals) = postSolution
		SolutionGuid = {566C884C-8C63-497C-A95D-7FEB82BB18B0}
	EndGlobalSection
EndGlobal
